{
  "name": "tweetopia",
  "version": "1.0.0",
  "lockfileVersion": 1,
  "requires": true,
  "dependencies": {
    "cross-fetch": {
      "version": "3.0.5",
      "resolved": "https://registry.npmjs.org/cross-fetch/-/cross-fetch-3.0.5.tgz",
      "integrity": "sha512-FFLcLtraisj5eteosnX1gf01qYDCOc4fDy0+euOt8Kn9YBY2NtXL/pCoYPavw24NIQkQqm5ZOLsGD5Zzj0gyew==",
      "requires": {
        "node-fetch": "2.6.0"
      }
    },
    "node-fetch": {
      "version": "2.6.0",
      "resolved": "https://registry.npmjs.org/node-fetch/-/node-fetch-2.6.0.tgz",
      "integrity": "sha512-8dG4H5ujfvFiqDmVu9fQ5bOHUC15JMjMY/Zumv26oOvvVJjM67KF8koCWIabKQ1GJIa9r2mMZscBq/TbdOcmNA=="
    },
    "oauth-1.0a": {
      "version": "2.2.6",
      "resolved": "https://registry.npmjs.org/oauth-1.0a/-/oauth-1.0a-2.2.6.tgz",
      "integrity": "sha512-6bkxv3N4Gu5lty4viIcIAnq5GbxECviMBeKR3WX/q87SPQ8E8aursPZUtsXDnxCs787af09WPRBLqYrf/lwoYQ=="
    },
    "twitter-lite": {
      "version": "0.14.0",
      "resolved": "https://registry.npmjs.org/twitter-lite/-/twitter-lite-0.14.0.tgz",
      "integrity": "sha512-AP7jnuEBIMA18fi3IDWT7fTOJVpZrl1ZwJKunGf2iknKv5BH4mpwBvJmu3RP59XHZFL3ckUcGGRw/INVRikBBg==",
      "requires": {
        "cross-fetch": "^3.0.0",
        "oauth-1.0a": "^2.2.4"
      }
    }
  }
}
